github.com/lucasb-eyer/go-colorful v1.2.0 h1:1nnpGOrhyZZuNyfu1QjKiUICQ74+3FNCN69Aj6K7nkY=
github.com/lucasb-eyer/go-colorful v1.2.0/go.mod h1:R4dSotOR9KMtayYi1e77YzuveK+i7ruzyGqttikkLy0=
github.com/peterhellberg/gfx v0.0.0-20191011152831-b91a0de61948/go.mod h1:itlt/V2ABb7sDu42VXQHXmQ4KOdrEbFZDVIaHsRcwak=
github.com/peterhellberg/gfx v0.0.0-20230908181254-9885a9f73abe h1:vUyJ+2edn98NgivqhHWBQIO8u9bbrXb+U09tG0AQYbU=
github.com/peterhellberg/gfx v0.0.0-20230908181254-9885a9f73abe/go.mod h1:ipo3f7y1+RHNR32fj+4TETou6OF4VXvJBhb9rwncKuw=
github.com/xyproto/burnpal v1.0.0 h1:cwiMfJdQKRuTWbg6XjCjBNd7c0TLCpfbxLW5bQNzU+c=
github.com/xyproto/burnpal v1.0.0/go.mod h1:j3S/tDDOEkIChz0sWDqO3zXOgIjz/6nhuc+JrmZNLnA=
